// !$*UTF8*$!
{
	archiveVersion = 1;
	classes = {
	};
	objectVersion = 77;
	objects = {

/* Begin PBXContainerItemProxy section */
		AEF59D242F3D994900FC4B5D /* PBXContainerItemProxy */ = {
			isa = PBXContainerItemProxy;
			containerPortal = AEF59D0E2F3D994800FC4B5D /* Project object */;
			proxyType = 1;
			remoteGlobalIDString = AEF59D152F3D994800FC4B5D;
			remoteInfo = nexa;
		};
		AEF59D2E2F3D994900FC4B5D /* PBXContainerItemProxy */ = {
			isa = PBXContainerItemProxy;
			containerPortal = AEF59D0E2F3D994800FC4B5D /* Project object */;
			proxyType = 1;
			remoteGlobalIDString = AEF59D152F3D994800FC4B5D;
			remoteInfo = nexa;
		};
/* End PBXContainerItemProxy section */

/* Begin PBXFileReference section */
		AEF59D162F3D994800FC4B5D /* nexa.app */ = {isa = PBXFileReference; explicitFileType = wrapper.application; includeInIndex = 0; path = nexa.app; sourceTree = BUILT_PRODUCTS_DIR; };
		AEF59D232F3D994900FC4B5D /* nexaTests.xctest */ = {isa = PBXFileReference; explicitFileType = wrapper.cfbundle; includeInIndex = 0; path = nexaTests.xctest; sourceTree = BUILT_PRODUCTS_DIR; };
		AEF59D2D2F3D994900FC4B5D /* nexaUITests.xctest */ = {isa = PBXFileReference; explicitFileType = wrapper.cfbundle; includeInIndex = 0; path = nexaUITests.xctest; sourceTree = BUILT_PRODUCTS_DIR; };
/* End PBXFileReference section */

/* Begin PBXFileSystemSynchronizedRootGroup section */
		AEF59D182F3D994800FC4B5D /* pa-agent */ = {
			isa = PBXFileSystemSynchronizedRootGroup;
			path = "pa-agent";
			sourceTree = "<group>";
		};
		AEF59D262F3D994900FC4B5D /* pa-agentTests */ = {
			isa = PBXFileSystemSynchronizedRootGroup;
			path = "pa-agentTests";
			sourceTree = "<group>";
		};
		AEF59D302F3D994900FC4B5D /* pa-agentUITests */ = {
			isa = PBXFileSystemSynchronizedRootGroup;
			path = "pa-agentUITests";
			sourceTree = "<group>";
		};
/* End PBXFileSystemSynchronizedRootGroup section */

/* Begin PBXFrameworksBuildPhase section */
		AEF59D132F3D994800FC4B5D /* Frameworks */ = {
			isa = PBXFrameworksBuildPhase;
			buildActionMask = 2147483647;
			files = (
			);
			runOnlyForDeploymentPostprocessing = 0;
		};
		AEF59D202F3D994900FC4B5D /* Frameworks */ = {
			isa = PBXFrameworksBuildPhase;
			buildActionMask = 2147483647;
			files = (
			);
			runOnlyForDeploymentPostprocessing = 0;
		};
		AEF59D2A2F3D994900FC4B5D /* Frameworks */ = {
			isa = PBXFrameworksBuildPhase;
			buildActionMask = 2147483647;
			files = (
			);
			runOnlyForDeploymentPostprocessing = 0;
		};
/* End PBXFrameworksBuildPhase section */

/* Begin PBXGroup section */
		AEF59D0D2F3D994800FC4B5D = {
			isa = PBXGroup;
			children = (
				AEF59D182F3D994800FC4B5D /* pa-agent */,
				AEF59D262F3D994900FC4B5D /* pa-agentTests */,
				AEF59D302F3D994900FC4B5D /* pa-agentUITests */,
				AEF59D172F3D994800FC4B5D /* Products */,
			);
			sourceTree = "<group>";
		};
		AEF59D172F3D994800FC4B5D /* Products */ = {
			isa = PBXGroup;
			children = (
				AEF59D162F3D994800FC4B5D /* nexa.app */,
				AEF59D232F3D994900FC4B5D /* nexaTests.xctest */,
				AEF59D2D2F3D994900FC4B5D /* nexaUITests.xctest */,
			);
			name = Products;
			sourceTree = "<group>";
		};
/* End PBXGroup section */

/* Begin PBXNativeTarget section */
		AEF59D152F3D994800FC4B5D /* nexa */ = {
			isa = PBXNativeTarget;
			buildConfigurationList = AEF59D372F3D994900FC4B5D /* Build configuration list for PBXNativeTarget "nexa" */;
			buildPhases = (
				AEF59D122F3D994800FC4B5D /* Sources */,
				AEF59D132F3D994800FC4B5D /* Frameworks */,
				AEF59D142F3D994800FC4B5D /* Resources */,
			);
			buildRules = (
			);
			dependencies = (
			);
			fileSystemSynchronizedGroups = (
				AEF59D182F3D994800FC4B5D /* pa-agent */,
			);
			name = nexa;
			packageProductDependencies = (
			);
			productName = nexa;
			productReference = AEF59D162F3D994800FC4B5D /* nexa.app */;
			productType = "com.apple.product-type.application";
		};
		AEF59D222F3D994900FC4B5D /* nexaTests */ = {
			isa = PBXNativeTarget;
			buildConfigurationList = AEF59D3A2F3D994900FC4B5D /* Build configuration list for PBXNativeTarget "nexaTests" */;
			buildPhases = (
				AEF59D1F2F3D994900FC4B5D /* Sources */,
				AEF59D202F3D994900FC4B5D /* Frameworks */,
				AEF59D212F3D994900FC4B5D /* Resources */,
			);
			buildRules = (
			);
			dependencies = (
				AEF59D252F3D994900FC4B5D /* PBXTargetDependency */,
			);
			fileSystemSynchronizedGroups = (
				AEF59D262F3D994900FC4B5D /* pa-agentTests */,
			);
			name = nexaTests;
			packageProductDependencies = (
			);
			productName = nexaTests;
			productReference = AEF59D232F3D994900FC4B5D /* nexaTests.xctest */;
			productType = "com.apple.product-type.bundle.unit-test";
		};
		AEF59D2C2F3D994900FC4B5D /* nexaUITests */ = {
			isa = PBXNativeTarget;
			buildConfigurationList = AEF59D3D2F3D994900FC4B5D /* Build configuration list for PBXNativeTarget "nexaUITests" */;
			buildPhases = (
				AEF59D292F3D994900FC4B5D /* Sources */,
				AEF59D2A2F3D994900FC4B5D /* Frameworks */,
				AEF59D2B2F3D994900FC4B5D /* Resources */,
			);
			buildRules = (
			);
			dependencies = (
				AEF59D2F2F3D994900FC4B5D /* PBXTargetDependency */,
			);
			fileSystemSynchronizedGroups = (
				AEF59D302F3D994900FC4B5D /* pa-agentUITests */,
			);
			name = nexaUITests;
			packageProductDependencies = (
			);
			productName = nexaUITests;
			productReference = AEF59D2D2F3D994900FC4B5D /* nexaUITests.xctest */;
			productType = "com.apple.product-type.bundle.ui-testing";
		};
/* End PBXNativeTarget section */

/* Begin PBXProject section */
		AEF59D0E2F3D994800FC4B5D /* Project object */ = {
			isa = PBXProject;
			attributes = {
				BuildIndependentTargetsInParallel = 1;
				LastSwiftUpdateCheck = 2630;
				LastUpgradeCheck = 2630;
				TargetAttributes = {
					AEF59D152F3D994800FC4B5D = {
						CreatedOnToolsVersion = 26.3;
						SystemCapabilities = {
							com.apple.WeatherKit = {
								enabled = 1;
							};
						};
					};
					AEF59D222F3D994900FC4B5D = {
						CreatedOnToolsVersion = 26.3;
						TestTargetID = AEF59D152F3D994800FC4B5D;
					};
					AEF59D2C2F3D994900FC4B5D = {
						CreatedOnToolsVersion = 26.3;
						TestTargetID = AEF59D152F3D994800FC4B5D;
					};
				};
			};
			buildConfigurationList = AEF59D112F3D994800FC4B5D /* Build configuration list for PBXProject "pa-agent" */;
			developmentRegion = en;
			hasScannedForEncodings = 0;
			knownRegions = (
				en,
				Base,
			);
			mainGroup = AEF59D0D2F3D994800FC4B5D;
			minimizedProjectReferenceProxies = 1;
			packageReferences = (
				AEF59DAC2F3DACBA00FC4B5D /* XCRemoteSwiftPackageReference "swift-llm-chat-openai" */,
			);
			preferredProjectObjectVersion = 77;
			productRefGroup = AEF59D172F3D994800FC4B5D /* Products */;
			projectDirPath = "";
			projectRoot = "";
			targets = (
				AEF59D152F3D994800FC4B5D /* nexa */,
				AEF59D222F3D994900FC4B5D /* nexaTests */,
				AEF59D2C2F3D994900FC4B5D /* nexaUITests */,
			);
		};
/* End PBXProject section */

/* Begin PBXResourcesBuildPhase section */
		AEF59D142F3D994800FC4B5D /* Resources */ = {
			isa = PBXResourcesBuildPhase;
			buildActionMask = 2147483647;
			files = (
			);
			runOnlyForDeploymentPostprocessing = 0;
		};
		AEF59D212F3D994900FC4B5D /* Resources */ = {
			isa = PBXResourcesBuildPhase;
			buildActionMask = 2147483647;
			files = (
			);
			runOnlyForDeploymentPostprocessing = 0;
		};
		AEF59D2B2F3D994900FC4B5D /* Resources */ = {
			isa = PBXResourcesBuildPhase;
			buildActionMask = 2147483647;
			files = (
			);
			runOnlyForDeploymentPostprocessing = 0;
		};
/* End PBXResourcesBuildPhase section */

/* Begin PBXSourcesBuildPhase section */
		AEF59D122F3D994800FC4B5D /* Sources */ = {
			isa = PBXSourcesBuildPhase;
			buildActionMask = 2147483647;
			files = (
			);
			runOnlyForDeploymentPostprocessing = 0;
		};
		AEF59D1F2F3D994900FC4B5D /* Sources */ = {
			isa = PBXSourcesBuildPhase;
			buildActionMask = 2147483647;
			files = (
			);
			runOnlyForDeploymentPostprocessing = 0;
		};
		AEF59D292F3D994900FC4B5D /* Sources */ = {
			isa = PBXSourcesBuildPhase;
			buildActionMask = 2147483647;
			files = (
			);
			runOnlyForDeploymentPostprocessing = 0;
		};
/* End PBXSourcesBuildPhase section */

/* Begin PBXTargetDependency section */
		AEF59D252F3D994900FC4B5D /* PBXTargetDependency */ = {
			isa = PBXTargetDependency;
			target = AEF59D152F3D994800FC4B5D /* nexa */;
			targetProxy = AEF59D242F3D994900FC4B5D /* PBXContainerItemProxy */;
		};
		AEF59D2F2F3D994900FC4B5D /* PBXTargetDependency */ = {
			isa = PBXTargetDependency;
			target = AEF59D152F3D994800FC4B5D /* nexa */;
			targetProxy = AEF59D2E2F3D994900FC4B5D /* PBXContainerItemProxy */;
		};
/* End PBXTargetDependency section */

/* Begin XCBuildConfiguration section */
		AEF59D352F3D994900FC4B5D /* Debug */ = {
			isa = XCBuildConfiguration;
			buildSettings = {
				ALWAYS_SEARCH_USER_PATHS = NO;
				ASSETCATALOG_COMPILER_GENERATE_SWIFT_ASSET_SYMBOL_EXTENSIONS = YES;
				CLANG_ANALYZER_NONNULL = YES;
				CLANG_ANALYZER_NUMBER_OBJECT_CONVERSION = YES_AGGRESSIVE;
				CLANG_CXX_LANGUAGE_STANDARD = "gnu++20";
				CLANG_ENABLE_MODULES = YES;
				CLANG_ENABLE_OBJC_ARC = YES;
				CLANG_ENABLE_OBJC_WEAK = YES;
				CLANG_WARN_BLOCK_CAPTURE_AUTORELEASING = YES;
				CLANG_WARN_BOOL_CONVERSION = YES;
				CLANG_WARN_COMMA = YES;
				CLANG_WARN_CONSTANT_CONVERSION = YES;
				CLANG_WARN_DEPRECATED_OBJC_IMPLEMENTATIONS = YES;
				CLANG_WARN_DIRECT_OBJC_ISA_USAGE = YES_ERROR;
				CLANG_WARN_DOCUMENTATION_COMMENTS = YES;
				CLANG_WARN_EMPTY_BODY = YES;
				CLANG_WARN_ENUM_CONVERSION = YES;
				CLANG_WARN_INFINITE_RECURSION = YES;
				CLANG_WARN_INT_CONVERSION = YES;
				CLANG_WARN_NON_LITERAL_NULL_CONVERSION = YES;
				CLANG_WARN_OBJC_IMPLICIT_RETAIN_SELF = YES;
				CLANG_WARN_OBJC_LITERAL_CONVERSION = YES;
				CLANG_WARN_OBJC_ROOT_CLASS = YES_ERROR;
				CLANG_WARN_QUOTED_INCLUDE_IN_FRAMEWORK_HEADER = YES;
				CLANG_WARN_RANGE_LOOP_ANALYSIS = YES;
				CLANG_WARN_STRICT_PROTOTYPES = YES;
				CLANG_WARN_SUSPICIOUS_MOVE = YES;
				CLANG_WARN_UNGUARDED_AVAILABILITY = YES_AGGRESSIVE;
				CLANG_WARN_UNREACHABLE_CODE = YES;
				CLANG_WARN__DUPLICATE_METHOD_MATCH = YES;
				COPY_PHASE_STRIP = NO;
				DEBUG_INFORMATION_FORMAT = dwarf;
				ENABLE_STRICT_OBJC_MSGSEND = YES;
				ENABLE_TESTABILITY = YES;
				ENABLE_USER_SCRIPT_SANDBOXING = YES;
				GCC_C_LANGUAGE_STANDARD = gnu17;
				GCC_DYNAMIC_NO_PIC = NO;
				GCC_NO_COMMON_BLOCKS = YES;
				GCC_OPTIMIZATION_LEVEL = 0;
				GCC_PREPROCESSOR_DEFINITIONS = (
					"DEBUG=1",
					"$(inherited)",
				);
				GCC_WARN_64_TO_32_BIT_CONVERSION = YES;
				GCC_WARN_ABOUT_RETURN_TYPE = YES_ERROR;
				GCC_WARN_UNDECLARED_SELECTOR = YES;
				GCC_WARN_UNINITIALIZED_AUTOS = YES_AGGRESSIVE;
				GCC_WARN_UNUSED_FUNCTION = YES;
				GCC_WARN_UNUSED_VARIABLE = YES;
				IPHONEOS_DEPLOYMENT_TARGET = 26.2;
				LOCALIZATION_PREFERS_STRING_CATALOGS = YES;
				MTL_ENABLE_DEBUG_INFO = INCLUDE_SOURCE;
				MTL_FAST_MATH = YES;
				ONLY_ACTIVE_ARCH = YES;
				SDKROOT = iphoneos;
				SWIFT_ACTIVE_COMPILATION_CONDITIONS = "DEBUG $(inherited)";
				SWIFT_OPTIMIZATION_LEVEL = "-Onone";
			};
			name = Debug;
		};
		AEF59D362F3D994900FC4B5D /* Release */ = {
			isa = XCBuildConfiguration;
			buildSettings = {
				ALWAYS_SEARCH_USER_PATHS = NO;
				ASSETCATALOG_COMPILER_GENERATE_SWIFT_ASSET_SYMBOL_EXTENSIONS = YES;
				CLANG_ANALYZER_NONNULL = YES;
				CLANG_ANALYZER_NUMBER_OBJECT_CONVERSION = YES_AGGRESSIVE;
				CLANG_CXX_LANGUAGE_STANDARD = "gnu++20";
				CLANG_ENABLE_MODULES = YES;
				CLANG_ENABLE_OBJC_ARC = YES;
				CLANG_ENABLE_OBJC_WEAK = YES;
				CLANG_WARN_BLOCK_CAPTURE_AUTORELEASING = YES;
				CLANG_WARN_BOOL_CONVERSION = YES;
				CLANG_WARN_COMMA = YES;
				CLANG_WARN_CONSTANT_CONVERSION = YES;
				CLANG_WARN_DEPRECATED_OBJC_IMPLEMENTATIONS = YES;
				CLANG_WARN_DIRECT_OBJC_ISA_USAGE = YES_ERROR;
				CLANG_WARN_DOCUMENTATION_COMMENTS = YES;
				CLANG_WARN_EMPTY_BODY = YES;
				CLANG_WARN_ENUM_CONVERSION = YES;
				CLANG_WARN_INFINITE_RECURSION = YES;
				CLANG_WARN_INT_CONVERSION = YES;
				CLANG_WARN_NON_LITERAL_NULL_CONVERSION = YES;
				CLANG_WARN_OBJC_IMPLICIT_RETAIN_SELF = YES;
				CLANG_WARN_OBJC_LITERAL_CONVERSION = YES;
				CLANG_WARN_OBJC_ROOT_CLASS = YES_ERROR;
				CLANG_WARN_QUOTED_INCLUDE_IN_FRAMEWORK_HEADER = YES;
				CLANG_WARN_RANGE_LOOP_ANALYSIS = YES;
				CLANG_WARN_STRICT_PROTOTYPES = YES;
				CLANG_WARN_SUSPICIOUS_MOVE = YES;
				CLANG_WARN_UNGUARDED_AVAILABILITY = YES_AGGRESSIVE;
				CLANG_WARN_UNREACHABLE_CODE = YES;
				CLANG_WARN__DUPLICATE_METHOD_MATCH = YES;
				COPY_PHASE_STRIP = NO;
				DEBUG_INFORMATION_FORMAT = "dwarf-with-dsym";
				ENABLE_NS_ASSERTIONS = NO;
				ENABLE_STRICT_OBJC_MSGSEND = YES;
				ENABLE_USER_SCRIPT_SANDBOXING = YES;
				GCC_C_LANGUAGE_STANDARD = gnu17;
				GCC_NO_COMMON_BLOCKS = YES;
				GCC_WARN_64_TO_32_BIT_CONVERSION = YES;
				GCC_WARN_ABOUT_RETURN_TYPE = YES_ERROR;
				GCC_WARN_UNDECLARED_SELECTOR = YES;
				GCC_WARN_UNINITIALIZED_AUTOS = YES_AGGRESSIVE;
				GCC_WARN_UNUSED_FUNCTION = YES;
				GCC_WARN_UNUSED_VARIABLE = YES;
				IPHONEOS_DEPLOYMENT_TARGET = 26.2;
				LOCALIZATION_PREFERS_STRING_CATALOGS = YES;
				MTL_ENABLE_DEBUG_INFO = NO;
				MTL_FAST_MATH = YES;
				SDKROOT = iphoneos;
				SWIFT_COMPILATION_MODE = wholemodule;
				VALIDATE_PRODUCT = YES;
			};
			name = Release;
		};
		AEF59D382F3D994900FC4B5D /* Debug */ = {
			isa = XCBuildConfiguration;
			buildSettings = {
				ASSETCATALOG_COMPILER_APPICON_NAME = AppIcon;
				ASSETCATALOG_COMPILER_GLOBAL_ACCENT_COLOR_NAME = AccentColor;
				ASSETCATALOG_COMPILER_INCLUDE_ALL_APPICON_ASSETS = YES;
				CODE_SIGN_STYLE = Automatic;
				CURRENT_PROJECT_VERSION = 3;
				DEVELOPMENT_TEAM = SXM7L9UCM6;
				ENABLE_PREVIEWS = YES;
				GENERATE_INFOPLIST_FILE = YES;
				INFOPLIST_KEY_CFBundleDisplayName = Nexa;
				INFOPLIST_KEY_LSApplicationCategoryType = "public.app-category.productivity";
				INFOPLIST_KEY_NSCalendarsUsageDescription = "Allow access so tasks can be added to your Calendar.";
				INFOPLIST_KEY_NSCameraUsageDescription = "Allow camera access so you can take photos to attach in chat.";
				INFOPLIST_KEY_NSContactsUsageDescription = "This app needs access to find friends in your contact list";
				INFOPLIST_KEY_NSLocationWhenInUseUsageDescription = "Allow location access so I can provide weather for your current location.";
				INFOPLIST_KEY_NSMicrophoneUsageDescription = "We use the microphone to capture your spoken tasks.";
				INFOPLIST_KEY_NSPhotoLibraryUsageDescription = "Allow photo access so you can attach images in chat.";
				INFOPLIST_KEY_NSSpeechRecognitionUsageDescription = "Allow speech recognition so you can speak tasks to the assistant.";
				INFOPLIST_KEY_BGTaskSchedulerPermittedIdentifiers_0 = "z.Nexa.receipt-refresh";
				INFOPLIST_KEY_UIApplicationSceneManifest_Generation = YES;
				INFOPLIST_KEY_UIApplicationSupportsIndirectInputEvents = YES;
				INFOPLIST_KEY_UIBackgroundModes_0 = fetch;
				INFOPLIST_KEY_UILaunchScreen_Generation = YES;
				INFOPLIST_KEY_UISupportedInterfaceOrientations_iPad = "UIInterfaceOrientationPortrait UIInterfaceOrientationPortraitUpsideDown UIInterfaceOrientationLandscapeLeft UIInterfaceOrientationLandscapeRight";
				INFOPLIST_KEY_UISupportedInterfaceOrientations_iPhone = "UIInterfaceOrientationPortrait UIInterfaceOrientationLandscapeLeft UIInterfaceOrientationLandscapeRight";
				LD_RUNPATH_SEARCH_PATHS = (
					"$(inherited)",
					"@executable_path/Frameworks",
				);
				MARKETING_VERSION = 3.0;
				PRODUCT_BUNDLE_IDENTIFIER = z.Nexa;
				PRODUCT_NAME = "$(TARGET_NAME)";
				STRING_CATALOG_GENERATE_SYMBOLS = YES;
				SWIFT_APPROACHABLE_CONCURRENCY = YES;
				SWIFT_DEFAULT_ACTOR_ISOLATION = MainActor;
				SWIFT_EMIT_LOC_STRINGS = YES;
				SWIFT_UPCOMING_FEATURE_MEMBER_IMPORT_VISIBILITY = YES;
				SWIFT_VERSION = 5.0;
				TARGETED_DEVICE_FAMILY = "1,2";
			};
			name = Debug;
		};
		AEF59D392F3D994900FC4B5D /* Release */ = {
			isa = XCBuildConfiguration;
			buildSettings = {
				ASSETCATALOG_COMPILER_APPICON_NAME = AppIcon;
				ASSETCATALOG_COMPILER_GLOBAL_ACCENT_COLOR_NAME = AccentColor;
				ASSETCATALOG_COMPILER_INCLUDE_ALL_APPICON_ASSETS = YES;
				CODE_SIGN_STYLE = Automatic;
				CURRENT_PROJECT_VERSION = 3;
				DEVELOPMENT_TEAM = SXM7L9UCM6;
				ENABLE_PREVIEWS = YES;
				GENERATE_INFOPLIST_FILE = YES;
				INFOPLIST_KEY_CFBundleDisplayName = Nexa;
				INFOPLIST_KEY_LSApplicationCategoryType = "public.app-category.productivity";
				INFOPLIST_KEY_NSCalendarsUsageDescription = "Allow access so tasks can be added to your Calendar.";
				INFOPLIST_KEY_NSCameraUsageDescription = "Allow camera access so you can take photos to attach in chat.";
				INFOPLIST_KEY_NSContactsUsageDescription = "This app needs access to find friends in your contact list";
				INFOPLIST_KEY_NSLocationWhenInUseUsageDescription = "Allow location access so I can provide weather for your current location.";
				INFOPLIST_KEY_NSMicrophoneUsageDescription = "We use the microphone to capture your spoken tasks.";
				INFOPLIST_KEY_NSPhotoLibraryUsageDescription = "Allow photo access so you can attach images in chat.";
				INFOPLIST_KEY_NSSpeechRecognitionUsageDescription = "Allow speech recognition so you can speak tasks to the assistant.";
				INFOPLIST_KEY_BGTaskSchedulerPermittedIdentifiers_0 = "z.Nexa.receipt-refresh";
				INFOPLIST_KEY_UIApplicationSceneManifest_Generation = YES;
				INFOPLIST_KEY_UIApplicationSupportsIndirectInputEvents = YES;
				INFOPLIST_KEY_UIBackgroundModes_0 = fetch;
				INFOPLIST_KEY_UILaunchScreen_Generation = YES;
				INFOPLIST_KEY_UISupportedInterfaceOrientations_iPad = "UIInterfaceOrientationPortrait UIInterfaceOrientationPortraitUpsideDown UIInterfaceOrientationLandscapeLeft UIInterfaceOrientationLandscapeRight";
				INFOPLIST_KEY_UISupportedInterfaceOrientations_iPhone = "UIInterfaceOrientationPortrait UIInterfaceOrientationLandscapeLeft UIInterfaceOrientationLandscapeRight";
				LD_RUNPATH_SEARCH_PATHS = (
					"$(inherited)",
					"@executable_path/Frameworks",
				);
				MARKETING_VERSION = 3.0;
				PRODUCT_BUNDLE_IDENTIFIER = z.Nexa;
				PRODUCT_NAME = "$(TARGET_NAME)";
				STRING_CATALOG_GENERATE_SYMBOLS = YES;
				SWIFT_APPROACHABLE_CONCURRENCY = YES;
				SWIFT_DEFAULT_ACTOR_ISOLATION = MainActor;
				SWIFT_EMIT_LOC_STRINGS = YES;
				SWIFT_UPCOMING_FEATURE_MEMBER_IMPORT_VISIBILITY = YES;
				SWIFT_VERSION = 5.0;
				TARGETED_DEVICE_FAMILY = "1,2";
			};
			name = Release;
		};
		AEF59D3B2F3D994900FC4B5D /* Debug */ = {
			isa = XCBuildConfiguration;
			buildSettings = {
				BUNDLE_LOADER = "$(TEST_HOST)";
				CODE_SIGN_STYLE = Automatic;
				CURRENT_PROJECT_VERSION = 2;
				DEVELOPMENT_TEAM = SXM7L9UCM6;
				GENERATE_INFOPLIST_FILE = YES;
				IPHONEOS_DEPLOYMENT_TARGET = 26.2;
				MARKETING_VERSION = 3.0;
				PRODUCT_BUNDLE_IDENTIFIER = z.nexaTests;
				PRODUCT_NAME = "$(TARGET_NAME)";
				STRING_CATALOG_GENERATE_SYMBOLS = NO;
				SWIFT_APPROACHABLE_CONCURRENCY = YES;
				SWIFT_EMIT_LOC_STRINGS = NO;
				SWIFT_UPCOMING_FEATURE_MEMBER_IMPORT_VISIBILITY = YES;
				SWIFT_VERSION = 5.0;
				TARGETED_DEVICE_FAMILY = "1,2";
				TEST_HOST = "$(BUILT_PRODUCTS_DIR)/nexa.app/$(BUNDLE_EXECUTABLE_FOLDER_PATH)/nexa";
			};
			name = Debug;
		};
		AEF59D3C2F3D994900FC4B5D /* Release */ = {
			isa = XCBuildConfiguration;
			buildSettings = {
				BUNDLE_LOADER = "$(TEST_HOST)";
				CODE_SIGN_STYLE = Automatic;
				CURRENT_PROJECT_VERSION = 2;
				DEVELOPMENT_TEAM = SXM7L9UCM6;
				GENERATE_INFOPLIST_FILE = YES;
				IPHONEOS_DEPLOYMENT_TARGET = 26.2;
				MARKETING_VERSION = 3.0;
				PRODUCT_BUNDLE_IDENTIFIER = z.nexaTests;
				PRODUCT_NAME = "$(TARGET_NAME)";
				STRING_CATALOG_GENERATE_SYMBOLS = NO;
				SWIFT_APPROACHABLE_CONCURRENCY = YES;
				SWIFT_EMIT_LOC_STRINGS = NO;
				SWIFT_UPCOMING_FEATURE_MEMBER_IMPORT_VISIBILITY = YES;
				SWIFT_VERSION = 5.0;
				TARGETED_DEVICE_FAMILY = "1,2";
				TEST_HOST = "$(BUILT_PRODUCTS_DIR)/nexa.app/$(BUNDLE_EXECUTABLE_FOLDER_PATH)/nexa";
			};
			name = Release;
		};
		AEF59D3E2F3D994900FC4B5D /* Debug */ = {
			isa = XCBuildConfiguration;
			buildSettings = {
				CODE_SIGN_STYLE = Automatic;
				CURRENT_PROJECT_VERSION = 2;
				DEVELOPMENT_TEAM = SXM7L9UCM6;
				GENERATE_INFOPLIST_FILE = YES;
				MARKETING_VERSION = 3.0;
				PRODUCT_BUNDLE_IDENTIFIER = z.nexaUITests;
				PRODUCT_NAME = "$(TARGET_NAME)";
				STRING_CATALOG_GENERATE_SYMBOLS = NO;
				SWIFT_APPROACHABLE_CONCURRENCY = YES;
				SWIFT_EMIT_LOC_STRINGS = NO;
				SWIFT_UPCOMING_FEATURE_MEMBER_IMPORT_VISIBILITY = YES;
				SWIFT_VERSION = 5.0;
				TARGETED_DEVICE_FAMILY = "1,2";
				TEST_TARGET_NAME = nexa;
			};
			name = Debug;
		};
		AEF59D3F2F3D994900FC4B5D /* Release */ = {
			isa = XCBuildConfiguration;
			buildSettings = {
				CODE_SIGN_STYLE = Automatic;
				CURRENT_PROJECT_VERSION = 2;
				DEVELOPMENT_TEAM = SXM7L9UCM6;
				GENERATE_INFOPLIST_FILE = YES;
				MARKETING_VERSION = 3.0;
				PRODUCT_BUNDLE_IDENTIFIER = z.nexaUITests;
				PRODUCT_NAME = "$(TARGET_NAME)";
				STRING_CATALOG_GENERATE_SYMBOLS = NO;
				SWIFT_APPROACHABLE_CONCURRENCY = YES;
				SWIFT_EMIT_LOC_STRINGS = NO;
				SWIFT_UPCOMING_FEATURE_MEMBER_IMPORT_VISIBILITY = YES;
				SWIFT_VERSION = 5.0;
				TARGETED_DEVICE_FAMILY = "1,2";
				TEST_TARGET_NAME = nexa;
			};
			name = Release;
		};
/* End XCBuildConfiguration section */

/* Begin XCConfigurationList section */
		AEF59D112F3D994800FC4B5D /* Build configuration list for PBXProject "pa-agent" */ = {
			isa = XCConfigurationList;
			buildConfigurations = (
				AEF59D352F3D994900FC4B5D /* Debug */,
				AEF59D362F3D994900FC4B5D /* Release */,
			);
			defaultConfigurationIsVisible = 0;
			defaultConfigurationName = Release;
		};
		AEF59D372F3D994900FC4B5D /* Build configuration list for PBXNativeTarget "nexa" */ = {
			isa = XCConfigurationList;
			buildConfigurations = (
				AEF59D382F3D994900FC4B5D /* Debug */,
				AEF59D392F3D994900FC4B5D /* Release */,
			);
			defaultConfigurationIsVisible = 0;
			defaultConfigurationName = Release;
		};
		AEF59D3A2F3D994900FC4B5D /* Build configuration list for PBXNativeTarget "nexaTests" */ = {
			isa = XCConfigurationList;
			buildConfigurations = (
				AEF59D3B2F3D994900FC4B5D /* Debug */,
				AEF59D3C2F3D994900FC4B5D /* Release */,
			);
			defaultConfigurationIsVisible = 0;
			defaultConfigurationName = Release;
		};
		AEF59D3D2F3D994900FC4B5D /* Build configuration list for PBXNativeTarget "nexaUITests" */ = {
			isa = XCConfigurationList;
			buildConfigurations = (
				AEF59D3E2F3D994900FC4B5D /* Debug */,
				AEF59D3F2F3D994900FC4B5D /* Release */,
			);
			defaultConfigurationIsVisible = 0;
			defaultConfigurationName = Release;
		};
/* End XCConfigurationList section */

/* Begin XCRemoteSwiftPackageReference section */
		AEF59DAC2F3DACBA00FC4B5D /* XCRemoteSwiftPackageReference "swift-llm-chat-openai" */ = {
			isa = XCRemoteSwiftPackageReference;
			repositoryURL = "https://github.com/kevinhermawan/swift-llm-chat-openai";
			requirement = {
				kind = upToNextMajorVersion;
				minimumVersion = 1.3.2;
			};
		};
/* End XCRemoteSwiftPackageReference section */
	};
	rootObject = AEF59D0E2F3D994800FC4B5D /* Project object */;
}
