{
  "originHash" : "b8d428825d870f8baa81b6b09b50bbaf78714befa4440604bf990ea52a26b4d0",
  "pins" : [
    {
      "identity" : "swift-json-schema",
      "kind" : "remoteSourceControl",
      "location" : "https://github.com/kevinhermawan/swift-json-schema.git",
      "state" : {
        "revision" : "4a9284e44d8ef2bfc863734e9ff535909ae6b27a",
        "version" : "2.0.1"
      }
    },
    {
      "identity" : "swift-llm-chat-openai",
      "kind" : "remoteSourceControl",
      "location" : "https://github.com/kevinhermawan/swift-llm-chat-openai",
      "state" : {
        "revision" : "3ffffb4b85b3b764d72ef49adedce142bbd49e6c",
        "version" : "1.3.2"
      }
    }
  ],
  "version" : 3
}
